
Microsoft Visual Studio Solution File, Format Version 12.00
# Visual Studio Version 17
VisualStudioVersion = 17.10.35013.160
MinimumVisualStudioVersion = 10.0.40219.1
Project("{FAE04EC0-301F-11D3-BF4B-00C04F79EFBC}") = "Optomo", "Optomo\Optomo.csproj", "{DA26D070-9C7A-49A7-A720-69A4265E708B}"
EndProject
Global
	GlobalSection(SolutionConfigurationPlatforms) = preSolution
		Debug|Any CPU = Debug|Any CPU
		Release|Any CPU = Release|Any CPU
	EndGlobalSection
	GlobalSection(ProjectConfigurationPlatforms) = postSolution
		{DA26D070-9C7A-49A7-A720-69A4265E708B}.Debug|Any CPU.ActiveCfg = Debug|Any CPU
		{DA26D070-9C7A-49A7-A720-69A4265E708B}.Debug|Any CPU.Build.0 = Debug|Any CPU
		{DA26D070-9C7A-49A7-A720-69A4265E708B}.Release|Any CPU.ActiveCfg = Release|Any CPU
		{DA26D070-9C7A-49A7-A720-69A4265E708B}.Release|Any CPU.Build.0 = Release|Any CPU
	EndGlobalSection
	GlobalSection(SolutionProperties) = preSolution
		HideSolutionNode = FALSE
	EndGlobalSection
	GlobalSection(ExtensibilityGlobals) = postSolution
		SolutionGuid = {F3C0DE1B-44BE-48CA-AE44-611FB12D6BE2}
	EndGlobalSection
EndGlobal
